# C04 preparation: Python 3.13, Linux x86_64 only. No extras.
# Registry wheel hashes and provenance: provenance.json.
# Keep shared contract pins identical to backend/requirements.txt.
annotated-doc==0.0.5 --hash=sha256:117bac03a25ede5df5440e855b32d556049ca169ead221505badf432fed4b101
annotated-types==0.7.0 --hash=sha256:1f02e8b43a8fbbc3f3e0d4f0f4bfc8131bcb4eebe8849b8e5c773f3a1c582a53
anyio==4.12.1 --hash=sha256:d405828884fc140aa80a3c667b8beed277f1dfedec42ba031bd6ac3db606ab6c
click==8.5.0 --hash=sha256:255bc9599cf7748b4b1a446ccc735421bd08a2ae529a8b88597d3de5664ee360
fastapi==0.141.1 --hash=sha256:bfb91aa2d334c61cb35ba9a116fc123b3d3df31640b801cf57a7a78ec3f603b3
h11==0.16.0 --hash=sha256:63cf8bbe7522de3bf65932fda1d9c2772064ffb3dae62d55932da54b31cb6c86
idna==3.19 --hash=sha256:815e7be7a7806d54abb586dc943addc79e8b2ee16915059658cbeff4b1b43bf4
pydantic==2.13.5 --hash=sha256:346a034f080da3755d8e9cb5e00e8b07de1d39e4f6e2c87d8ab7cafa0b269a73
pydantic-core==2.46.5 --hash=sha256:6f7b393a8b3da82f5c1fc0751e6d01ac6c55b93c18226a60bdfba4a724efafd1
starlette==1.6.0 --hash=sha256:a86dd39d14bb45f85a3d18525215a9ef0cfd1f192ac793220e72598c90335f0c
typing-extensions==4.15.0 --hash=sha256:f0fa19c6845758ab08074a0cfa8b7aecb71c999ca73d62883bc25cc018c4e548
typing-inspection==0.4.2 --hash=sha256:4ed1cacbdc298c220f1bd249ed5287caa16f34d44ef4e9c3d0cbad5b521545e7
uvicorn==0.52.4 --hash=sha256:f86e41a149d7d05a9969337e3946a9c171c06a5d42680896daaba624aeac8da1
