# Ubuntu 24.04 x86_64. The GTK/WebKitGTK bindings come from the distribution
# (python3-gi, python3-gi-cairo, gir1.2-webkit2-4.1), installed with apt on the
# build host and linked individually into an isolated system-CPython 3.12
# virtual environment, so unrelated system Python libraries cannot leak in.
# The bindings match the GTK and WebKitGTK the application runs against. Exact package versions
# are recorded in each build manifest. Everything else is hash-pinned here.
# Digests read 2026-10-04.
-r ../backend/requirements-runtime.lock
-r ../backend/requirements-render.lock

pydantic==2.13.5 --hash=sha256:346a034f080da3755d8e9cb5e00e8b07de1d39e4f6e2c87d8ab7cafa0b269a73
pydantic-core==2.46.5 --hash=sha256:0fc5be0abd4a407e200d844b404e33639a554e7bd0d448e7b9ae181be4789ac2
annotated-types==0.7.0 --hash=sha256:1f02e8b43a8fbbc3f3e0d4f0f4bfc8131bcb4eebe8849b8e5c773f3a1c582a53
typing-inspection==0.4.2 --hash=sha256:4ed1cacbdc298c220f1bd249ed5287caa16f34d44ef4e9c3d0cbad5b521545e7
typing-extensions==4.15.0 --hash=sha256:f0fa19c6845758ab08074a0cfa8b7aecb71c999ca73d62883bc25cc018c4e548
pywebview==6.2.1 --hash=sha256:9d07275f53894ab4d5e2e0e996227193e7187dec276d9b624dccbce029216b46
bottle==0.13.4 --hash=sha256:045684fbd2764eac9cdeb824861d1551d113e8b683d8d26e296898d3dd99a12e
proxy-tools==0.1.0 --hash=sha256:ccb3751f529c047e2d8a58440d86b205303cf0fe8146f784d1cbcd94f0a28010
